
Microsoft Visual Studio Solution File, Format Version 12.00
# Visual Studio 2012
Project("{FAE04EC0-301F-11D3-BF4B-00C04F79EFBC}") = "WebApi", "WebApi\WebApi.csproj", "{83C6D703-B2D5-4CAC-861F-B5D68C79CDD8}"
EndProject
Project("{2150E333-8FDC-42A3-9474-1A3956D46DE8}") = ".nuget", ".nuget", "{AB0D24BC-5D08-450F-81B1-8DED54BE6065}"
	ProjectSection(SolutionItems) = preProject
		.nuget\NuGet.Config = .nuget\NuGet.Config
		.nuget\NuGet.exe = .nuget\NuGet.exe
		.nuget\NuGet.targets = .nuget\NuGet.targets
	EndProjectSection
EndProject
Project("{FAE04EC0-301F-11D3-BF4B-00C04F79EFBC}") = "WebApi.Testing.Common", "WebApi.Testing.Common\WebApi.Testing.Common.csproj", "{8675CD1F-D24B-47CC-87E3-750C162D6AEB}"
EndProject
Project("{2150E333-8FDC-42A3-9474-1A3956D46DE8}") = "Tests", "Tests", "{11D3213D-0309-473D-A05F-38AD5D2F993A}"
EndProject
Project("{FAE04EC0-301F-11D3-BF4B-00C04F79EFBC}") = "WebApi.Repository", "WebApi.Repository\WebApi.Repository.csproj", "{FE5C4837-2A69-4865-AB42-DD59FB1B101B}"
EndProject
Project("{FAE04EC0-301F-11D3-BF4B-00C04F79EFBC}") = "WebApi.Repository.Tests", "WebApi.Repository.Tests\WebApi.Repository.Tests.csproj", "{FB428F1D-6529-465C-B614-19106EF26F45}"
EndProject
Project("{FAE04EC0-301F-11D3-BF4B-00C04F79EFBC}") = "WebApi.Common", "WebApi.Common\WebApi.Common.csproj", "{9423ED9F-54ED-4C0C-8FF2-10F3D4CE39A4}"
EndProject
Project("{FAE04EC0-301F-11D3-BF4B-00C04F79EFBC}") = "WebApi.Tests", "WebApi.Tests\WebApi.Tests.csproj", "{3F9C7659-4F16-4356-A7F5-FDF989B4F2D6}"
EndProject
Project("{FAE04EC0-301F-11D3-BF4B-00C04F79EFBC}") = "WebApi.Model", "WebApi.Model\WebApi.Model.csproj", "{CBBB56FE-B0E4-40F4-B105-58FDF3C31DC3}"
EndProject
Global
	GlobalSection(SolutionConfigurationPlatforms) = preSolution
		Debug|Any CPU = Debug|Any CPU
		Release|Any CPU = Release|Any CPU
	EndGlobalSection
	GlobalSection(ProjectConfigurationPlatforms) = postSolution
		{83C6D703-B2D5-4CAC-861F-B5D68C79CDD8}.Debug|Any CPU.ActiveCfg = Debug|Any CPU
		{83C6D703-B2D5-4CAC-861F-B5D68C79CDD8}.Debug|Any CPU.Build.0 = Debug|Any CPU
		{83C6D703-B2D5-4CAC-861F-B5D68C79CDD8}.Release|Any CPU.ActiveCfg = Release|Any CPU
		{83C6D703-B2D5-4CAC-861F-B5D68C79CDD8}.Release|Any CPU.Build.0 = Release|Any CPU
		{8675CD1F-D24B-47CC-87E3-750C162D6AEB}.Debug|Any CPU.ActiveCfg = Debug|Any CPU
		{8675CD1F-D24B-47CC-87E3-750C162D6AEB}.Debug|Any CPU.Build.0 = Debug|Any CPU
		{8675CD1F-D24B-47CC-87E3-750C162D6AEB}.Release|Any CPU.ActiveCfg = Release|Any CPU
		{8675CD1F-D24B-47CC-87E3-750C162D6AEB}.Release|Any CPU.Build.0 = Release|Any CPU
		{FE5C4837-2A69-4865-AB42-DD59FB1B101B}.Debug|Any CPU.ActiveCfg = Debug|Any CPU
		{FE5C4837-2A69-4865-AB42-DD59FB1B101B}.Debug|Any CPU.Build.0 = Debug|Any CPU
		{FE5C4837-2A69-4865-AB42-DD59FB1B101B}.Release|Any CPU.ActiveCfg = Release|Any CPU
		{FE5C4837-2A69-4865-AB42-DD59FB1B101B}.Release|Any CPU.Build.0 = Release|Any CPU
		{FB428F1D-6529-465C-B614-19106EF26F45}.Debug|Any CPU.ActiveCfg = Debug|Any CPU
		{FB428F1D-6529-465C-B614-19106EF26F45}.Debug|Any CPU.Build.0 = Debug|Any CPU
		{FB428F1D-6529-465C-B614-19106EF26F45}.Release|Any CPU.ActiveCfg = Release|Any CPU
		{FB428F1D-6529-465C-B614-19106EF26F45}.Release|Any CPU.Build.0 = Release|Any CPU
		{9423ED9F-54ED-4C0C-8FF2-10F3D4CE39A4}.Debug|Any CPU.ActiveCfg = Debug|Any CPU
		{9423ED9F-54ED-4C0C-8FF2-10F3D4CE39A4}.Debug|Any CPU.Build.0 = Debug|Any CPU
		{9423ED9F-54ED-4C0C-8FF2-10F3D4CE39A4}.Release|Any CPU.ActiveCfg = Release|Any CPU
		{9423ED9F-54ED-4C0C-8FF2-10F3D4CE39A4}.Release|Any CPU.Build.0 = Release|Any CPU
		{3F9C7659-4F16-4356-A7F5-FDF989B4F2D6}.Debug|Any CPU.ActiveCfg = Debug|Any CPU
		{3F9C7659-4F16-4356-A7F5-FDF989B4F2D6}.Debug|Any CPU.Build.0 = Debug|Any CPU
		{3F9C7659-4F16-4356-A7F5-FDF989B4F2D6}.Release|Any CPU.ActiveCfg = Release|Any CPU
		{3F9C7659-4F16-4356-A7F5-FDF989B4F2D6}.Release|Any CPU.Build.0 = Release|Any CPU
		{CBBB56FE-B0E4-40F4-B105-58FDF3C31DC3}.Debug|Any CPU.ActiveCfg = Debug|Any CPU
		{CBBB56FE-B0E4-40F4-B105-58FDF3C31DC3}.Debug|Any CPU.Build.0 = Debug|Any CPU
		{CBBB56FE-B0E4-40F4-B105-58FDF3C31DC3}.Release|Any CPU.ActiveCfg = Release|Any CPU
		{CBBB56FE-B0E4-40F4-B105-58FDF3C31DC3}.Release|Any CPU.Build.0 = Release|Any CPU
	EndGlobalSection
	GlobalSection(SolutionProperties) = preSolution
		HideSolutionNode = FALSE
	EndGlobalSection
	GlobalSection(NestedProjects) = preSolution
		{8675CD1F-D24B-47CC-87E3-750C162D6AEB} = {11D3213D-0309-473D-A05F-38AD5D2F993A}
		{FB428F1D-6529-465C-B614-19106EF26F45} = {11D3213D-0309-473D-A05F-38AD5D2F993A}
		{3F9C7659-4F16-4356-A7F5-FDF989B4F2D6} = {11D3213D-0309-473D-A05F-38AD5D2F993A}
	EndGlobalSection
EndGlobal
